{
  "version": "1.0.0",
  "lockfileVersion": 1,
  "requires": true,
  "dependencies": {
    "@cloudflare/kv-asset-handler": {
      "version": "0.1.1",
      "resolved": "",
      "integrity": "sha512-loZzVTXfoSKsZ/VVeHGuRlQFcxUEmTPIyWx3Zti9/lShfhETZJ90nKpbvoWps7P60kILWpILE/5EfHDiumfYEQ==",
      "requires": {
        "@cloudflare/workers-types": "2.1.0",
        "@types/mime": "2.0.3",
        "mime": "2.5.2"
      }
    },
    "@cloudflare/workers-types": {
      "version": "2.1.0",
      "resolved": "",
      "integrity": "sha512-VmXaHTq0lt6Xre4aK1hUK25hjZjuEUkHtdUEt0FJamv+NzQO54Gwp6Zr5Cfu6SP5EQ/tTmTMP/tK9npA8zhcCg=="
    },
    "@types/mime": {
      "version": "2.0.3",
      "resolved": "",
      "integrity": "sha512-Jus9s4CDbqwocc5pOAnh8ShfrnMcPHuJYzVcSUU7lrh8Ni5HuIqX3oilL86p3dlTrk0LzHRCgA/GQ7uNCw6l2Q=="
    },
    "mime": {
      "version": "2.5.2",
      "resolved": "",
      "integrity": "sha512-tqkh47FzKeCPD2PUiPB6pkbMzsCasjxAfC62/Wap5qrUWcb+sFasXUC5I3gYM5iBM8v/Qpn4UK0x+j0iHyFPDg=="
    }
  }
}
